// !$*UTF8*$!
{
	archiveVersion = 1;
	classes = {
	};
	objectVersion = 56;
	objects = {

/* Begin PBXBuildFile section */
		720C96B52B10850300E85AC5 /* data+RoomDetail.swift in Sources */ = {isa = PBXBuildFile; fileRef = 720C96B42B10850300E85AC5 /* data+RoomDetail.swift */; };
		720C96B72B10862900E85AC5 /* MapView.swift in Sources */ = {isa = PBXBuildFile; fileRef = 720C96B62B10862900E85AC5 /* MapView.swift */; };
		722DA22D2B0AFD0500C0A3DF /* AddInquiryView.swift in Sources */ = {isa = PBXBuildFile; fileRef = 722DA22C2B0AFD0500C0A3DF /* AddInquiryView.swift */; };
		722DA22F2B0B029C00C0A3DF /* AreaTree.swift in Sources */ = {isa = PBXBuildFile; fileRef = 722DA22E2B0B029C00C0A3DF /* AreaTree.swift */; };
		722DA2312B0B05E600C0A3DF /* SectionView.swift in Sources */ = {isa = PBXBuildFile; fileRef = 722DA2302B0B05E600C0A3DF /* SectionView.swift */; };
		722DA2332B0B4F3000C0A3DF /* ImagePicker.swift in Sources */ = {isa = PBXBuildFile; fileRef = 722DA2322B0B4F3000C0A3DF /* ImagePicker.swift */; };
		722DA2352B0C865B00C0A3DF /* AddReportView.swift in Sources */ = {isa = PBXBuildFile; fileRef = 722DA2342B0C865B00C0A3DF /* AddReportView.swift */; };
		722DA2382B0CE82300C0A3DF /* RecordsCenterView.swift in Sources */ = {isa = PBXBuildFile; fileRef = 722DA2372B0CE82300C0A3DF /* RecordsCenterView.swift */; };
		7236994C2B3FC0B40075C5E9 /* PDFShareSheet.swift in Sources */ = {isa = PBXBuildFile; fileRef = 7236994B2B3FC0B40075C5E9 /* PDFShareSheet.swift */; };
		725DCF4E2BA4859F00C5CD4C /* AreaPicker.swift in Sources */ = {isa = PBXBuildFile; fileRef = 725DCF4D2BA4859F00C5CD4C /* AreaPicker.swift */; };
		725ED86A2B141C88002106CA /* EstateDetail.swift in Sources */ = {isa = PBXBuildFile; fileRef = 725ED8692B141C88002106CA /* EstateDetail.swift */; };
		72749E8A2B0DD10D000258C2 /* ReportSheetView.swift in Sources */ = {isa = PBXBuildFile; fileRef = 72749E892B0DD10D000258C2 /* ReportSheetView.swift */; };
		72749E8C2B0E3C4F000258C2 /* CustomService.swift in Sources */ = {isa = PBXBuildFile; fileRef = 72749E8B2B0E3C4F000258C2 /* CustomService.swift */; };
		72749E8F2B0E4647000258C2 /* CustomServiceView.swift in Sources */ = {isa = PBXBuildFile; fileRef = 72749E8E2B0E4647000258C2 /* CustomServiceView.swift */; };
		72749E912B0E5728000258C2 /* MainTab.swift in Sources */ = {isa = PBXBuildFile; fileRef = 72749E902B0E5728000258C2 /* MainTab.swift */; };
		72749E942B0F047A000258C2 /* MeView.swift in Sources */ = {isa = PBXBuildFile; fileRef = 72749E932B0F047A000258C2 /* MeView.swift */; };
		72749E962B0F06D4000258C2 /* MessageView.swift in Sources */ = {isa = PBXBuildFile; fileRef = 72749E952B0F06D4000258C2 /* MessageView.swift */; };
		72749E982B0F3057000258C2 /* PasswordView.swift in Sources */ = {isa = PBXBuildFile; fileRef = 72749E972B0F3057000258C2 /* PasswordView.swift */; };
		72749E9A2B0F3CD3000258C2 /* MeInfoView.swift in Sources */ = {isa = PBXBuildFile; fileRef = 72749E992B0F3CD3000258C2 /* MeInfoView.swift */; };
		72749EC92B0F926E000258C2 /* MapSearchView.swift in Sources */ = {isa = PBXBuildFile; fileRef = 72749EC82B0F926E000258C2 /* MapSearchView.swift */; };
		72749ECC2B0F92F5000258C2 /* GLKit.framework in Frameworks */ = {isa = PBXBuildFile; fileRef = 72749ECB2B0F92F5000258C2 /* GLKit.framework */; };
		72749ECE2B0F9304000258C2 /* libc++.tbd in Frameworks */ = {isa = PBXBuildFile; fileRef = 72749ECD2B0F9304000258C2 /* libc++.tbd */; };
		72749ED02B0F930F000258C2 /* libz.tbd in Frameworks */ = {isa = PBXBuildFile; fileRef = 72749ECF2B0F930F000258C2 /* libz.tbd */; };
		72749ED22B0F931A000258C2 /* Security.framework in Frameworks */ = {isa = PBXBuildFile; fileRef = 72749ED12B0F931A000258C2 /* Security.framework */; };
		72749ED42B0F9324000258C2 /* SystemConfiguration.framework in Frameworks */ = {isa = PBXBuildFile; fileRef = 72749ED32B0F9324000258C2 /* SystemConfiguration.framework */; };
		72749ED62B0F932E000258C2 /* CoreLocation.framework in Frameworks */ = {isa = PBXBuildFile; fileRef = 72749ED52B0F932E000258C2 /* CoreLocation.framework */; };
		72749ED82B0F933B000258C2 /* CoreTelephony.framework in Frameworks */ = {isa = PBXBuildFile; fileRef = 72749ED72B0F933B000258C2 /* CoreTelephony.framework */; };
		72749F0E2B0F97A6000258C2 /* DGCharts in Frameworks */ = {isa = PBXBuildFile; productRef = 72749F0D2B0F97A6000258C2 /* DGCharts */; };
		72749F132B10359B000258C2 /* MapService.swift in Sources */ = {isa = PBXBuildFile; fileRef = 72749F122B10359B000258C2 /* MapService.swift */; };
		727D04E12B26B1D200A6C1C8 /* OCRButton.swift in Sources */ = {isa = PBXBuildFile; fileRef = 727D04E02B26B1D200A6C1C8 /* OCRButton.swift */; };
		728697E72AFF1F0500CA31C5 /* DictType.swift in Sources */ = {isa = PBXBuildFile; fileRef = 728697E62AFF1F0500CA31C5 /* DictType.swift */; };
		728697E92AFF209B00CA31C5 /* Linkman+mock.swift in Sources */ = {isa = PBXBuildFile; fileRef = 728697E82AFF209B00CA31C5 /* Linkman+mock.swift */; };
		728697F12AFF24BE00CA31C5 /* rps_iosTests.swift in Sources */ = {isa = PBXBuildFile; fileRef = 728697F02AFF24BE00CA31C5 /* rps_iosTests.swift */; };
		728697F82AFF346600CA31C5 /* sequence+.swift in Sources */ = {isa = PBXBuildFile; fileRef = 728697F72AFF346600CA31C5 /* sequence+.swift */; };
		7287067E2B455C1200411189 /* ImageService.swift in Sources */ = {isa = PBXBuildFile; fileRef = 7287067D2B455C1200411189 /* ImageService.swift */; };
		728706802B457E8C00411189 /* NoticeListView.swift in Sources */ = {isa = PBXBuildFile; fileRef = 7287067F2B457E8C00411189 /* NoticeListView.swift */; };
		728706822B458A6E00411189 /* NoticeDetailView.swift in Sources */ = {isa = PBXBuildFile; fileRef = 728706812B458A6E00411189 /* NoticeDetailView.swift */; };
		728D964C2B020CA900E1ACC4 /* RoomDetailView.swift in Sources */ = {isa = PBXBuildFile; fileRef = 728D964B2B020CA900E1ACC4 /* RoomDetailView.swift */; };
		72A9644E2AFF9060006E503A /* datas.swift in Sources */ = {isa = PBXBuildFile; fileRef = 72A9644D2AFF9060006E503A /* datas.swift */; };
		72A964502AFF92A1006E503A /* BuildingsView.swift in Sources */ = {isa = PBXBuildFile; fileRef = 72A9644F2AFF92A1006E503A /* BuildingsView.swift */; };
		72C004782B0078D50084D3FA /* FloorsView.swift in Sources */ = {isa = PBXBuildFile; fileRef = 72C004772B0078D50084D3FA /* FloorsView.swift */; };
		72D810182B08F6320035355A /* Banner.swift in Sources */ = {isa = PBXBuildFile; fileRef = 72D810172B08F6320035355A /* Banner.swift */; };
		72D8101A2B09207C0035355A /* Curve.swift in Sources */ = {isa = PBXBuildFile; fileRef = 72D810192B09207C0035355A /* Curve.swift */; };
		72D8101C2B0924530035355A /* ChartView.swift in Sources */ = {isa = PBXBuildFile; fileRef = 72D8101B2B0924530035355A /* ChartView.swift */; };
		72D8101E2B09E7EA0035355A /* AlwaysPopover.swift in Sources */ = {isa = PBXBuildFile; fileRef = 72D8101D2B09E7EA0035355A /* AlwaysPopover.swift */; };
		72D810232B0A73950035355A /* YearMonthPicker.swift in Sources */ = {isa = PBXBuildFile; fileRef = 72D810222B0A73950035355A /* YearMonthPicker.swift */; };
		72DE5A222B15849200CE36AA /* data+ReportSheet.swift in Sources */ = {isa = PBXBuildFile; fileRef = 72DE5A212B15849200CE36AA /* data+ReportSheet.swift */; };
		72DE5A242B15975900CE36AA /* data+Inquiry.swift in Sources */ = {isa = PBXBuildFile; fileRef = 72DE5A232B15975900CE36AA /* data+Inquiry.swift */; };
		72DE5A262B15B66500CE36AA /* PDF.swift in Sources */ = {isa = PBXBuildFile; fileRef = 72DE5A252B15B66500CE36AA /* PDF.swift */; };
		72DFCEE92AFA00F50001831F /* rps_iosApp.swift in Sources */ = {isa = PBXBuildFile; fileRef = 72DFCEE82AFA00F50001831F /* rps_iosApp.swift */; };
		72DFCEEB2AFA00F50001831F /* ContentView.swift in Sources */ = {isa = PBXBuildFile; fileRef = 72DFCEEA2AFA00F50001831F /* ContentView.swift */; };
		72DFCEED2AFA00F60001831F /* Assets.xcassets in Resources */ = {isa = PBXBuildFile; fileRef = 72DFCEEC2AFA00F60001831F /* Assets.xcassets */; };
		72DFCEF02AFA00F60001831F /* Preview Assets.xcassets in Resources */ = {isa = PBXBuildFile; fileRef = 72DFCEEF2AFA00F60001831F /* Preview Assets.xcassets */; };
		72DFCEFA2AFA03BA0001831F /* MainView.swift in Sources */ = {isa = PBXBuildFile; fileRef = 72DFCEF92AFA03BA0001831F /* MainView.swift */; };
		72DFCEFD2AFA09770001831F /* IndexView.swift in Sources */ = {isa = PBXBuildFile; fileRef = 72DFCEFC2AFA09770001831F /* IndexView.swift */; };
		72DFCF002AFA0AD90001831F /* colors+.swift in Sources */ = {isa = PBXBuildFile; fileRef = 72DFCEFF2AFA0AD90001831F /* colors+.swift */; };
		72DFCF022AFA130E0001831F /* view+.swift in Sources */ = {isa = PBXBuildFile; fileRef = 72DFCF012AFA130E0001831F /* view+.swift */; };
		72DFCF042AFA18620001831F /* images+.swift in Sources */ = {isa = PBXBuildFile; fileRef = 72DFCF032AFA18620001831F /* images+.swift */; };
		72DFCF062AFA234D0001831F /* DividerView.swift in Sources */ = {isa = PBXBuildFile; fileRef = 72DFCF052AFA234D0001831F /* DividerView.swift */; };
		72DFCF0F2AFC72A80001831F /* OnboardingView.swift in Sources */ = {isa = PBXBuildFile; fileRef = 72DFCF0E2AFC72A80001831F /* OnboardingView.swift */; };
		72DFCF142AFC8CC30001831F /* AccountService.swift in Sources */ = {isa = PBXBuildFile; fileRef = 72DFCF132AFC8CC30001831F /* AccountService.swift */; };
		72DFCF162AFC8DD90001831F /* UserDefaults+RPS.swift in Sources */ = {isa = PBXBuildFile; fileRef = 72DFCF152AFC8DD90001831F /* UserDefaults+RPS.swift */; };
		72DFCF182AFCB6F20001831F /* Linkman.swift in Sources */ = {isa = PBXBuildFile; fileRef = 72DFCF172AFCB6F20001831F /* Linkman.swift */; };
		72DFCF1A2AFCB7790001831F /* Withable.swift in Sources */ = {isa = PBXBuildFile; fileRef = 72DFCF192AFCB7790001831F /* Withable.swift */; };
		72DFCF1C2AFCB7FB0001831F /* Box.swift in Sources */ = {isa = PBXBuildFile; fileRef = 72DFCF1B2AFCB7FB0001831F /* Box.swift */; };
		72DFCF1E2AFCB9690001831F /* ErrorService.swift in Sources */ = {isa = PBXBuildFile; fileRef = 72DFCF1D2AFCB9690001831F /* ErrorService.swift */; };
		72DFCF202AFCBA400001831F /* string+.swift in Sources */ = {isa = PBXBuildFile; fileRef = 72DFCF1F2AFCBA400001831F /* string+.swift */; };
		72DFCF222AFCBA6C0001831F /* Linknam+api.swift in Sources */ = {isa = PBXBuildFile; fileRef = 72DFCF212AFCBA6C0001831F /* Linknam+api.swift */; };
		72DFCF242AFCCD520001831F /* ErrorView.swift in Sources */ = {isa = PBXBuildFile; fileRef = 72DFCF232AFCCD520001831F /* ErrorView.swift */; };
		72DFCF262AFCCDAE0001831F /* LoadingView.swift in Sources */ = {isa = PBXBuildFile; fileRef = 72DFCF252AFCCDAE0001831F /* LoadingView.swift */; };
		72EE510D2B10ABD3002D9218 /* AMapFoundationKit.framework in Frameworks */ = {isa = PBXBuildFile; fileRef = 72EE510A2B10ABD3002D9218 /* AMapFoundationKit.framework */; };
		72EE510E2B10ABD3002D9218 /* AMap.bundle in Resources */ = {isa = PBXBuildFile; fileRef = 72EE510B2B10ABD3002D9218 /* AMap.bundle */; };
		72EE510F2B10ABD3002D9218 /* MAMapKit.framework in Frameworks */ = {isa = PBXBuildFile; fileRef = 72EE510C2B10ABD3002D9218 /* MAMapKit.framework */; };
		72F9BF8E2AFD044C0040C6D2 /* Notice.swift in Sources */ = {isa = PBXBuildFile; fileRef = 72F9BF8D2AFD044C0040C6D2 /* Notice.swift */; };
		72F9BF902AFDC7F70040C6D2 /* FuzzySearchView.swift in Sources */ = {isa = PBXBuildFile; fileRef = 72F9BF8F2AFDC7F70040C6D2 /* FuzzySearchView.swift */; };
		72F9BF962AFDE1C40040C6D2 /* EstateService.swift in Sources */ = {isa = PBXBuildFile; fileRef = 72F9BF952AFDE1C40040C6D2 /* EstateService.swift */; };
		72F9BF982AFE62FD0040C6D2 /* ExactSearchView.swift in Sources */ = {isa = PBXBuildFile; fileRef = 72F9BF972AFE62FD0040C6D2 /* ExactSearchView.swift */; };
		72F9BF9A2AFE63080040C6D2 /* SearchInputView.swift in Sources */ = {isa = PBXBuildFile; fileRef = 72F9BF992AFE63080040C6D2 /* SearchInputView.swift */; };
		72F9BF9D2AFE70A40040C6D2 /* SBPAsyncImage in Frameworks */ = {isa = PBXBuildFile; productRef = 72F9BF9C2AFE70A40040C6D2 /* SBPAsyncImage */; };
/* End PBXBuildFile section */

/* Begin PBXContainerItemProxy section */
		728697F22AFF24BE00CA31C5 /* PBXContainerItemProxy */ = {
			isa = PBXContainerItemProxy;
			containerPortal = 72DFCEDD2AFA00F50001831F /* Project object */;
			proxyType = 1;
			remoteGlobalIDString = 72DFCEE42AFA00F50001831F;
			remoteInfo = "rps-ios";
		};
/* End PBXContainerItemProxy section */

/* Begin PBXCopyFilesBuildPhase section */
		72749F0B2B0F977A000258C2 /* Embed Frameworks */ = {
			isa = PBXCopyFilesBuildPhase;
			buildActionMask = 2147483647;
			dstPath = "";
			dstSubfolderSpec = 10;
			files = (
			);
			name = "Embed Frameworks";
			runOnlyForDeploymentPostprocessing = 0;
		};
/* End PBXCopyFilesBuildPhase section */

/* Begin PBXFileReference section */
		720C96B42B10850300E85AC5 /* data+RoomDetail.swift */ = {isa = PBXFileReference; lastKnownFileType = sourcecode.swift; path = "data+RoomDetail.swift"; sourceTree = "<group>"; };
		720C96B62B10862900E85AC5 /* MapView.swift */ = {isa = PBXFileReference; lastKnownFileType = sourcecode.swift; path = MapView.swift; sourceTree = "<group>"; };
		722DA22C2B0AFD0500C0A3DF /* AddInquiryView.swift */ = {isa = PBXFileReference; lastKnownFileType = sourcecode.swift; path = AddInquiryView.swift; sourceTree = "<group>"; };
		722DA22E2B0B029C00C0A3DF /* AreaTree.swift */ = {isa = PBXFileReference; lastKnownFileType = sourcecode.swift; path = AreaTree.swift; sourceTree = "<group>"; };
		722DA2302B0B05E600C0A3DF /* SectionView.swift */ = {isa = PBXFileReference; lastKnownFileType = sourcecode.swift; path = SectionView.swift; sourceTree = "<group>"; };
		722DA2322B0B4F3000C0A3DF /* ImagePicker.swift */ = {isa = PBXFileReference; lastKnownFileType = sourcecode.swift; path = ImagePicker.swift; sourceTree = "<group>"; };
		722DA2342B0C865B00C0A3DF /* AddReportView.swift */ = {isa = PBXFileReference; lastKnownFileType = sourcecode.swift; path = AddReportView.swift; sourceTree = "<group>"; };
		722DA2372B0CE82300C0A3DF /* RecordsCenterView.swift */ = {isa = PBXFileReference; lastKnownFileType = sourcecode.swift; path = RecordsCenterView.swift; sourceTree = "<group>"; };
		7236994B2B3FC0B40075C5E9 /* PDFShareSheet.swift */ = {isa = PBXFileReference; lastKnownFileType = sourcecode.swift; path = PDFShareSheet.swift; sourceTree = "<group>"; };
		725DCF4D2BA4859F00C5CD4C /* AreaPicker.swift */ = {isa = PBXFileReference; lastKnownFileType = sourcecode.swift; path = AreaPicker.swift; sourceTree = "<group>"; };
		725ED8692B141C88002106CA /* EstateDetail.swift */ = {isa = PBXFileReference; lastKnownFileType = sourcecode.swift; path = EstateDetail.swift; sourceTree = "<group>"; };
		72749E892B0DD10D000258C2 /* ReportSheetView.swift */ = {isa = PBXFileReference; lastKnownFileType = sourcecode.swift; path = ReportSheetView.swift; sourceTree = "<group>"; };
		72749E8B2B0E3C4F000258C2 /* CustomService.swift */ = {isa = PBXFileReference; lastKnownFileType = sourcecode.swift; path = CustomService.swift; sourceTree = "<group>"; };
		72749E8E2B0E4647000258C2 /* CustomServiceView.swift */ = {isa = PBXFileReference; lastKnownFileType = sourcecode.swift; path = CustomServiceView.swift; sourceTree = "<group>"; };
		72749E902B0E5728000258C2 /* MainTab.swift */ = {isa = PBXFileReference; lastKnownFileType = sourcecode.swift; path = MainTab.swift; sourceTree = "<group>"; };
		72749E932B0F047A000258C2 /* MeView.swift */ = {isa = PBXFileReference; lastKnownFileType = sourcecode.swift; path = MeView.swift; sourceTree = "<group>"; };
		72749E952B0F06D4000258C2 /* MessageView.swift */ = {isa = PBXFileReference; lastKnownFileType = sourcecode.swift; path = MessageView.swift; sourceTree = "<group>"; };
		72749E972B0F3057000258C2 /* PasswordView.swift */ = {isa = PBXFileReference; lastKnownFileType = sourcecode.swift; path = PasswordView.swift; sourceTree = "<group>"; };
		72749E992B0F3CD3000258C2 /* MeInfoView.swift */ = {isa = PBXFileReference; lastKnownFileType = sourcecode.swift; path = MeInfoView.swift; sourceTree = "<group>"; };
		72749EC82B0F926E000258C2 /* MapSearchView.swift */ = {isa = PBXFileReference; lastKnownFileType = sourcecode.swift; path = MapSearchView.swift; sourceTree = "<group>"; };
		72749ECB2B0F92F5000258C2 /* GLKit.framework */ = {isa = PBXFileReference; lastKnownFileType = wrapper.framework; name = GLKit.framework; path = System/Library/Frameworks/GLKit.framework; sourceTree = SDKROOT; };
		72749ECD2B0F9304000258C2 /* libc++.tbd */ = {isa = PBXFileReference; lastKnownFileType = "sourcecode.text-based-dylib-definition"; name = "libc++.tbd"; path = "usr/lib/libc++.tbd"; sourceTree = SDKROOT; };
		72749ECF2B0F930F000258C2 /* libz.tbd */ = {isa = PBXFileReference; lastKnownFileType = "sourcecode.text-based-dylib-definition"; name = libz.tbd; path = usr/lib/libz.tbd; sourceTree = SDKROOT; };
		72749ED12B0F931A000258C2 /* Security.framework */ = {isa = PBXFileReference; lastKnownFileType = wrapper.framework; name = Security.framework; path = System/Library/Frameworks/Security.framework; sourceTree = SDKROOT; };
		72749ED32B0F9324000258C2 /* SystemConfiguration.framework */ = {isa = PBXFileReference; lastKnownFileType = wrapper.framework; name = SystemConfiguration.framework; path = System/Library/Frameworks/SystemConfiguration.framework; sourceTree = SDKROOT; };
		72749ED52B0F932E000258C2 /* CoreLocation.framework */ = {isa = PBXFileReference; lastKnownFileType = wrapper.framework; name = CoreLocation.framework; path = System/Library/Frameworks/CoreLocation.framework; sourceTree = SDKROOT; };
		72749ED72B0F933B000258C2 /* CoreTelephony.framework */ = {isa = PBXFileReference; lastKnownFileType = wrapper.framework; name = CoreTelephony.framework; path = System/Library/Frameworks/CoreTelephony.framework; sourceTree = SDKROOT; };
		72749F122B10359B000258C2 /* MapService.swift */ = {isa = PBXFileReference; lastKnownFileType = sourcecode.swift; path = MapService.swift; sourceTree = "<group>"; };
		727D04E02B26B1D200A6C1C8 /* OCRButton.swift */ = {isa = PBXFileReference; lastKnownFileType = sourcecode.swift; path = OCRButton.swift; sourceTree = "<group>"; };
		728697E62AFF1F0500CA31C5 /* DictType.swift */ = {isa = PBXFileReference; lastKnownFileType = sourcecode.swift; path = DictType.swift; sourceTree = "<group>"; };
		728697E82AFF209B00CA31C5 /* Linkman+mock.swift */ = {isa = PBXFileReference; lastKnownFileType = sourcecode.swift; path = "Linkman+mock.swift"; sourceTree = "<group>"; };
		728697EE2AFF24BE00CA31C5 /* rps-iosTests.xctest */ = {isa = PBXFileReference; explicitFileType = wrapper.cfbundle; includeInIndex = 0; path = "rps-iosTests.xctest"; sourceTree = BUILT_PRODUCTS_DIR; };
		728697F02AFF24BE00CA31C5 /* rps_iosTests.swift */ = {isa = PBXFileReference; lastKnownFileType = sourcecode.swift; path = rps_iosTests.swift; sourceTree = "<group>"; };
		728697F72AFF346600CA31C5 /* sequence+.swift */ = {isa = PBXFileReference; lastKnownFileType = sourcecode.swift; path = "sequence+.swift"; sourceTree = "<group>"; };
		7287067D2B455C1200411189 /* ImageService.swift */ = {isa = PBXFileReference; lastKnownFileType = sourcecode.swift; path = ImageService.swift; sourceTree = "<group>"; };
		7287067F2B457E8C00411189 /* NoticeListView.swift */ = {isa = PBXFileReference; lastKnownFileType = sourcecode.swift; path = NoticeListView.swift; sourceTree = "<group>"; };
		728706812B458A6E00411189 /* NoticeDetailView.swift */ = {isa = PBXFileReference; lastKnownFileType = sourcecode.swift; path = NoticeDetailView.swift; sourceTree = "<group>"; };
		728D964B2B020CA900E1ACC4 /* RoomDetailView.swift */ = {isa = PBXFileReference; lastKnownFileType = sourcecode.swift; path = RoomDetailView.swift; sourceTree = "<group>"; };
		72A9644D2AFF9060006E503A /* datas.swift */ = {isa = PBXFileReference; lastKnownFileType = sourcecode.swift; path = datas.swift; sourceTree = "<group>"; };
		72A9644F2AFF92A1006E503A /* BuildingsView.swift */ = {isa = PBXFileReference; lastKnownFileType = sourcecode.swift; path = BuildingsView.swift; sourceTree = "<group>"; };
		72C004772B0078D50084D3FA /* FloorsView.swift */ = {isa = PBXFileReference; lastKnownFileType = sourcecode.swift; path = FloorsView.swift; sourceTree = "<group>"; };
		72D810172B08F6320035355A /* Banner.swift */ = {isa = PBXFileReference; lastKnownFileType = sourcecode.swift; path = Banner.swift; sourceTree = "<group>"; };
		72D810192B09207C0035355A /* Curve.swift */ = {isa = PBXFileReference; lastKnownFileType = sourcecode.swift; path = Curve.swift; sourceTree = "<group>"; };
		72D8101B2B0924530035355A /* ChartView.swift */ = {isa = PBXFileReference; lastKnownFileType = sourcecode.swift; path = ChartView.swift; sourceTree = "<group>"; };
		72D8101D2B09E7EA0035355A /* AlwaysPopover.swift */ = {isa = PBXFileReference; lastKnownFileType = sourcecode.swift; path = AlwaysPopover.swift; sourceTree = "<group>"; };
		72D810222B0A73950035355A /* YearMonthPicker.swift */ = {isa = PBXFileReference; lastKnownFileType = sourcecode.swift; path = YearMonthPicker.swift; sourceTree = "<group>"; };
		72DE5A212B15849200CE36AA /* data+ReportSheet.swift */ = {isa = PBXFileReference; lastKnownFileType = sourcecode.swift; path = "data+ReportSheet.swift"; sourceTree = "<group>"; };
		72DE5A232B15975900CE36AA /* data+Inquiry.swift */ = {isa = PBXFileReference; lastKnownFileType = sourcecode.swift; path = "data+Inquiry.swift"; sourceTree = "<group>"; };
		72DE5A252B15B66500CE36AA /* PDF.swift */ = {isa = PBXFileReference; lastKnownFileType = sourcecode.swift; path = PDF.swift; sourceTree = "<group>"; };
		72DFCEE52AFA00F50001831F /* rps-ios.app */ = {isa = PBXFileReference; explicitFileType = wrapper.application; includeInIndex = 0; path = "rps-ios.app"; sourceTree = BUILT_PRODUCTS_DIR; };
		72DFCEE82AFA00F50001831F /* rps_iosApp.swift */ = {isa = PBXFileReference; lastKnownFileType = sourcecode.swift; path = rps_iosApp.swift; sourceTree = "<group>"; };
		72DFCEEA2AFA00F50001831F /* ContentView.swift */ = {isa = PBXFileReference; lastKnownFileType = sourcecode.swift; path = ContentView.swift; sourceTree = "<group>"; };
		72DFCEEC2AFA00F60001831F /* Assets.xcassets */ = {isa = PBXFileReference; lastKnownFileType = folder.assetcatalog; path = Assets.xcassets; sourceTree = "<group>"; };
		72DFCEEF2AFA00F60001831F /* Preview Assets.xcassets */ = {isa = PBXFileReference; lastKnownFileType = folder.assetcatalog; path = "Preview Assets.xcassets"; sourceTree = "<group>"; };
		72DFCEF92AFA03BA0001831F /* MainView.swift */ = {isa = PBXFileReference; lastKnownFileType = sourcecode.swift; path = MainView.swift; sourceTree = "<group>"; };
		72DFCEFC2AFA09770001831F /* IndexView.swift */ = {isa = PBXFileReference; lastKnownFileType = sourcecode.swift; path = IndexView.swift; sourceTree = "<group>"; };
		72DFCEFF2AFA0AD90001831F /* colors+.swift */ = {isa = PBXFileReference; lastKnownFileType = sourcecode.swift; path = "colors+.swift"; sourceTree = "<group>"; };
		72DFCF012AFA130E0001831F /* view+.swift */ = {isa = PBXFileReference; lastKnownFileType = sourcecode.swift; path = "view+.swift"; sourceTree = "<group>"; };
		72DFCF032AFA18620001831F /* images+.swift */ = {isa = PBXFileReference; lastKnownFileType = sourcecode.swift; path = "images+.swift"; sourceTree = "<group>"; };
		72DFCF052AFA234D0001831F /* DividerView.swift */ = {isa = PBXFileReference; lastKnownFileType = sourcecode.swift; path = DividerView.swift; sourceTree = "<group>"; };
		72DFCF0C2AFB7F860001831F /* Info.plist */ = {isa = PBXFileReference; lastKnownFileType = text.plist; path = Info.plist; sourceTree = "<group>"; };
		72DFCF0E2AFC72A80001831F /* OnboardingView.swift */ = {isa = PBXFileReference; lastKnownFileType = sourcecode.swift; path = OnboardingView.swift; sourceTree = "<group>"; };
		72DFCF132AFC8CC30001831F /* AccountService.swift */ = {isa = PBXFileReference; lastKnownFileType = sourcecode.swift; path = AccountService.swift; sourceTree = "<group>"; };
		72DFCF152AFC8DD90001831F /* UserDefaults+RPS.swift */ = {isa = PBXFileReference; lastKnownFileType = sourcecode.swift; path = "UserDefaults+RPS.swift"; sourceTree = "<group>"; };
		72DFCF172AFCB6F20001831F /* Linkman.swift */ = {isa = PBXFileReference; lastKnownFileType = sourcecode.swift; path = Linkman.swift; sourceTree = "<group>"; };
		72DFCF192AFCB7790001831F /* Withable.swift */ = {isa = PBXFileReference; lastKnownFileType = sourcecode.swift; path = Withable.swift; sourceTree = "<group>"; };
		72DFCF1B2AFCB7FB0001831F /* Box.swift */ = {isa = PBXFileReference; lastKnownFileType = sourcecode.swift; path = Box.swift; sourceTree = "<group>"; };
		72DFCF1D2AFCB9690001831F /* ErrorService.swift */ = {isa = PBXFileReference; lastKnownFileType = sourcecode.swift; path = ErrorService.swift; sourceTree = "<group>"; };
		72DFCF1F2AFCBA400001831F /* string+.swift */ = {isa = PBXFileReference; lastKnownFileType = sourcecode.swift; path = "string+.swift"; sourceTree = "<group>"; };
		72DFCF212AFCBA6C0001831F /* Linknam+api.swift */ = {isa = PBXFileReference; lastKnownFileType = sourcecode.swift; path = "Linknam+api.swift"; sourceTree = "<group>"; };
		72DFCF232AFCCD520001831F /* ErrorView.swift */ = {isa = PBXFileReference; lastKnownFileType = sourcecode.swift; path = ErrorView.swift; sourceTree = "<group>"; };
		72DFCF252AFCCDAE0001831F /* LoadingView.swift */ = {isa = PBXFileReference; lastKnownFileType = sourcecode.swift; path = LoadingView.swift; sourceTree = "<group>"; };
		72EE510A2B10ABD3002D9218 /* AMapFoundationKit.framework */ = {isa = PBXFileReference; lastKnownFileType = wrapper.framework; path = AMapFoundationKit.framework; sourceTree = "<group>"; };
		72EE510B2B10ABD3002D9218 /* AMap.bundle */ = {isa = PBXFileReference; lastKnownFileType = "wrapper.plug-in"; path = AMap.bundle; sourceTree = "<group>"; };
		72EE510C2B10ABD3002D9218 /* MAMapKit.framework */ = {isa = PBXFileReference; lastKnownFileType = wrapper.framework; path = MAMapKit.framework; sourceTree = "<group>"; };
		72F9BF8D2AFD044C0040C6D2 /* Notice.swift */ = {isa = PBXFileReference; lastKnownFileType = sourcecode.swift; path = Notice.swift; sourceTree = "<group>"; };
		72F9BF8F2AFDC7F70040C6D2 /* FuzzySearchView.swift */ = {isa = PBXFileReference; lastKnownFileType = sourcecode.swift; path = FuzzySearchView.swift; sourceTree = "<group>"; };
		72F9BF952AFDE1C40040C6D2 /* EstateService.swift */ = {isa = PBXFileReference; lastKnownFileType = sourcecode.swift; path = EstateService.swift; sourceTree = "<group>"; };
		72F9BF972AFE62FD0040C6D2 /* ExactSearchView.swift */ = {isa = PBXFileReference; lastKnownFileType = sourcecode.swift; path = ExactSearchView.swift; sourceTree = "<group>"; };
		72F9BF992AFE63080040C6D2 /* SearchInputView.swift */ = {isa = PBXFileReference; lastKnownFileType = sourcecode.swift; path = SearchInputView.swift; sourceTree = "<group>"; };
/* End PBXFileReference section */

/* Begin PBXFrameworksBuildPhase section */
		728697EB2AFF24BE00CA31C5 /* Frameworks */ = {
			isa = PBXFrameworksBuildPhase;
			buildActionMask = 2147483647;
			files = (
			);
			runOnlyForDeploymentPostprocessing = 0;
		};
		72DFCEE22AFA00F50001831F /* Frameworks */ = {
			isa = PBXFrameworksBuildPhase;
			buildActionMask = 2147483647;
			files = (
				72749ECC2B0F92F5000258C2 /* GLKit.framework in Frameworks */,
				72749ECE2B0F9304000258C2 /* libc++.tbd in Frameworks */,
				72EE510F2B10ABD3002D9218 /* MAMapKit.framework in Frameworks */,
				72749ED02B0F930F000258C2 /* libz.tbd in Frameworks */,
				72749F0E2B0F97A6000258C2 /* DGCharts in Frameworks */,
				72749ED22B0F931A000258C2 /* Security.framework in Frameworks */,
				72749ED42B0F9324000258C2 /* SystemConfiguration.framework in Frameworks */,
				72749ED62B0F932E000258C2 /* CoreLocation.framework in Frameworks */,
				72749ED82B0F933B000258C2 /* CoreTelephony.framework in Frameworks */,
				72F9BF9D2AFE70A40040C6D2 /* SBPAsyncImage in Frameworks */,
				72EE510D2B10ABD3002D9218 /* AMapFoundationKit.framework in Frameworks */,
			);
			runOnlyForDeploymentPostprocessing = 0;
		};
/* End PBXFrameworksBuildPhase section */

/* Begin PBXGroup section */
		722DA2362B0CE7EA00C0A3DF /* RecordsCenter */ = {
			isa = PBXGroup;
			children = (
				72DE5A252B15B66500CE36AA /* PDF.swift */,
				722DA2372B0CE82300C0A3DF /* RecordsCenterView.swift */,
				72749E892B0DD10D000258C2 /* ReportSheetView.swift */,
				7236994B2B3FC0B40075C5E9 /* PDFShareSheet.swift */,
			);
			path = RecordsCenter;
			sourceTree = "<group>";
		};
		72749E8D2B0E4632000258C2 /* CustomService */ = {
			isa = PBXGroup;
			children = (
				72749E8E2B0E4647000258C2 /* CustomServiceView.swift */,
			);
			path = CustomService;
			sourceTree = "<group>";
		};
		72749E922B0F046A000258C2 /* Me */ = {
			isa = PBXGroup;
			children = (
				72749E932B0F047A000258C2 /* MeView.swift */,
				72749E952B0F06D4000258C2 /* MessageView.swift */,
				72749E972B0F3057000258C2 /* PasswordView.swift */,
				72749E992B0F3CD3000258C2 /* MeInfoView.swift */,
			);
			path = Me;
			sourceTree = "<group>";
		};
		72749ECA2B0F92F5000258C2 /* Frameworks */ = {
			isa = PBXGroup;
			children = (
				72749ED72B0F933B000258C2 /* CoreTelephony.framework */,
				72749ED52B0F932E000258C2 /* CoreLocation.framework */,
				72749ED32B0F9324000258C2 /* SystemConfiguration.framework */,
				72749ED12B0F931A000258C2 /* Security.framework */,
				72749ECF2B0F930F000258C2 /* libz.tbd */,
				72749ECD2B0F9304000258C2 /* libc++.tbd */,
				72749ECB2B0F92F5000258C2 /* GLKit.framework */,
			);
			name = Frameworks;
			sourceTree = "<group>";
		};
		728697EF2AFF24BE00CA31C5 /* rps-iosTests */ = {
			isa = PBXGroup;
			children = (
				728697F02AFF24BE00CA31C5 /* rps_iosTests.swift */,
			);
			path = "rps-iosTests";
			sourceTree = "<group>";
		};
		72DFCEDC2AFA00F50001831F = {
			isa = PBXGroup;
			children = (
				72EE51092B10ABD3002D9218 /* frameworks */,
				72DFCEE72AFA00F50001831F /* rps-ios */,
				728697EF2AFF24BE00CA31C5 /* rps-iosTests */,
				72DFCEE62AFA00F50001831F /* Products */,
				72749ECA2B0F92F5000258C2 /* Frameworks */,
			);
			sourceTree = "<group>";
		};
		72DFCEE62AFA00F50001831F /* Products */ = {
			isa = PBXGroup;
			children = (
				72DFCEE52AFA00F50001831F /* rps-ios.app */,
				728697EE2AFF24BE00CA31C5 /* rps-iosTests.xctest */,
			);
			name = Products;
			sourceTree = "<group>";
		};
		72DFCEE72AFA00F50001831F /* rps-ios */ = {
			isa = PBXGroup;
			children = (
				72DFCF0C2AFB7F860001831F /* Info.plist */,
				72DFCF122AFC8C350001831F /* models */,
				72DFCEF62AFA031F0001831F /* views */,
				72DFCEE82AFA00F50001831F /* rps_iosApp.swift */,
				72DFCEEA2AFA00F50001831F /* ContentView.swift */,
				72DFCEEC2AFA00F60001831F /* Assets.xcassets */,
				72DFCEEE2AFA00F60001831F /* Preview Content */,
			);
			path = "rps-ios";
			sourceTree = "<group>";
		};
		72DFCEEE2AFA00F60001831F /* Preview Content */ = {
			isa = PBXGroup;
			children = (
				72DFCEEF2AFA00F60001831F /* Preview Assets.xcassets */,
			);
			path = "Preview Content";
			sourceTree = "<group>";
		};
		72DFCEF62AFA031F0001831F /* views */ = {
			isa = PBXGroup;
			children = (
				72DFCF0D2AFC70AC0001831F /* Onboarding */,
				72DFCEFE2AFA0AAD0001831F /* common */,
				72DFCEFB2AFA09610001831F /* index */,
				722DA2362B0CE7EA00C0A3DF /* RecordsCenter */,
				72749E8D2B0E4632000258C2 /* CustomService */,
				72749E922B0F046A000258C2 /* Me */,
				72DFCEF92AFA03BA0001831F /* MainView.swift */,
			);
			path = views;
			sourceTree = "<group>";
		};
		72DFCEFB2AFA09610001831F /* index */ = {
			isa = PBXGroup;
			children = (
				72DFCEFC2AFA09770001831F /* IndexView.swift */,
				72F9BF8F2AFDC7F70040C6D2 /* FuzzySearchView.swift */,
				72F9BF972AFE62FD0040C6D2 /* ExactSearchView.swift */,
				72F9BF992AFE63080040C6D2 /* SearchInputView.swift */,
				72A9644F2AFF92A1006E503A /* BuildingsView.swift */,
				72C004772B0078D50084D3FA /* FloorsView.swift */,
				728D964B2B020CA900E1ACC4 /* RoomDetailView.swift */,
				72D8101B2B0924530035355A /* ChartView.swift */,
				72D810222B0A73950035355A /* YearMonthPicker.swift */,
				722DA22C2B0AFD0500C0A3DF /* AddInquiryView.swift */,
				722DA2342B0C865B00C0A3DF /* AddReportView.swift */,
				72749EC82B0F926E000258C2 /* MapSearchView.swift */,
				720C96B62B10862900E85AC5 /* MapView.swift */,
				725ED8692B141C88002106CA /* EstateDetail.swift */,
				7287067F2B457E8C00411189 /* NoticeListView.swift */,
				728706812B458A6E00411189 /* NoticeDetailView.swift */,
			);
			path = index;
			sourceTree = "<group>";
		};
		72DFCEFE2AFA0AAD0001831F /* common */ = {
			isa = PBXGroup;
			children = (
				72DFCEFF2AFA0AD90001831F /* colors+.swift */,
				72DFCF012AFA130E0001831F /* view+.swift */,
				72DFCF032AFA18620001831F /* images+.swift */,
				72DFCF052AFA234D0001831F /* DividerView.swift */,
				72DFCF232AFCCD520001831F /* ErrorView.swift */,
				72DFCF252AFCCDAE0001831F /* LoadingView.swift */,
				72D8101D2B09E7EA0035355A /* AlwaysPopover.swift */,
				722DA2302B0B05E600C0A3DF /* SectionView.swift */,
				722DA2322B0B4F3000C0A3DF /* ImagePicker.swift */,
				727D04E02B26B1D200A6C1C8 /* OCRButton.swift */,
				725DCF4D2BA4859F00C5CD4C /* AreaPicker.swift */,
			);
			path = common;
			sourceTree = "<group>";
		};
		72DFCF0D2AFC70AC0001831F /* Onboarding */ = {
			isa = PBXGroup;
			children = (
				72DFCF0E2AFC72A80001831F /* OnboardingView.swift */,
			);
			path = Onboarding;
			sourceTree = "<group>";
		};
		72DFCF122AFC8C350001831F /* models */ = {
			isa = PBXGroup;
			children = (
				72DFCF132AFC8CC30001831F /* AccountService.swift */,
				72DFCF152AFC8DD90001831F /* UserDefaults+RPS.swift */,
				72DFCF172AFCB6F20001831F /* Linkman.swift */,
				72DFCF192AFCB7790001831F /* Withable.swift */,
				72DFCF1B2AFCB7FB0001831F /* Box.swift */,
				72DFCF1D2AFCB9690001831F /* ErrorService.swift */,
				72DFCF1F2AFCBA400001831F /* string+.swift */,
				72DFCF212AFCBA6C0001831F /* Linknam+api.swift */,
				728697E82AFF209B00CA31C5 /* Linkman+mock.swift */,
				72F9BF8D2AFD044C0040C6D2 /* Notice.swift */,
				72F9BF952AFDE1C40040C6D2 /* EstateService.swift */,
				728697E62AFF1F0500CA31C5 /* DictType.swift */,
				728697F72AFF346600CA31C5 /* sequence+.swift */,
				72A9644D2AFF9060006E503A /* datas.swift */,
				72DE5A232B15975900CE36AA /* data+Inquiry.swift */,
				72DE5A212B15849200CE36AA /* data+ReportSheet.swift */,
				720C96B42B10850300E85AC5 /* data+RoomDetail.swift */,
				722DA22E2B0B029C00C0A3DF /* AreaTree.swift */,
				72D810172B08F6320035355A /* Banner.swift */,
				72D810192B09207C0035355A /* Curve.swift */,
				72749E8B2B0E3C4F000258C2 /* CustomService.swift */,
				72749E902B0E5728000258C2 /* MainTab.swift */,
				72749F122B10359B000258C2 /* MapService.swift */,
				7287067D2B455C1200411189 /* ImageService.swift */,
			);
			path = models;
			sourceTree = "<group>";
		};
		72EE51092B10ABD3002D9218 /* frameworks */ = {
			isa = PBXGroup;
			children = (
				72EE510A2B10ABD3002D9218 /* AMapFoundationKit.framework */,
				72EE510B2B10ABD3002D9218 /* AMap.bundle */,
				72EE510C2B10ABD3002D9218 /* MAMapKit.framework */,
			);
			path = frameworks;
			sourceTree = "<group>";
		};
/* End PBXGroup section */

/* Begin PBXNativeTarget section */
		728697ED2AFF24BE00CA31C5 /* rps-iosTests */ = {
			isa = PBXNativeTarget;
			buildConfigurationList = 728697F42AFF24BE00CA31C5 /* Build configuration list for PBXNativeTarget "rps-iosTests" */;
			buildPhases = (
				728697EA2AFF24BE00CA31C5 /* Sources */,
				728697EB2AFF24BE00CA31C5 /* Frameworks */,
				728697EC2AFF24BE00CA31C5 /* Resources */,
			);
			buildRules = (
			);
			dependencies = (
				728697F32AFF24BE00CA31C5 /* PBXTargetDependency */,
			);
			name = "rps-iosTests";
			productName = "rps-iosTests";
			productReference = 728697EE2AFF24BE00CA31C5 /* rps-iosTests.xctest */;
			productType = "com.apple.product-type.bundle.unit-test";
		};
		72DFCEE42AFA00F50001831F /* rps-ios */ = {
			isa = PBXNativeTarget;
			buildConfigurationList = 72DFCEF32AFA00F60001831F /* Build configuration list for PBXNativeTarget "rps-ios" */;
			buildPhases = (
				72DFCEE12AFA00F50001831F /* Sources */,
				72DFCEE22AFA00F50001831F /* Frameworks */,
				72DFCEE32AFA00F50001831F /* Resources */,
				72749F0B2B0F977A000258C2 /* Embed Frameworks */,
			);
			buildRules = (
			);
			dependencies = (
			);
			name = "rps-ios";
			packageProductDependencies = (
				72F9BF9C2AFE70A40040C6D2 /* SBPAsyncImage */,
				72749F0D2B0F97A6000258C2 /* DGCharts */,
			);
			productName = "rps-ios";
			productReference = 72DFCEE52AFA00F50001831F /* rps-ios.app */;
			productType = "com.apple.product-type.application";
		};
/* End PBXNativeTarget section */

/* Begin PBXProject section */
		72DFCEDD2AFA00F50001831F /* Project object */ = {
			isa = PBXProject;
			attributes = {
				BuildIndependentTargetsInParallel = 1;
				LastSwiftUpdateCheck = 1500;
				LastUpgradeCheck = 1500;
				TargetAttributes = {
					728697ED2AFF24BE00CA31C5 = {
						CreatedOnToolsVersion = 15.0.1;
						TestTargetID = 72DFCEE42AFA00F50001831F;
					};
					72DFCEE42AFA00F50001831F = {
						CreatedOnToolsVersion = 15.0.1;
					};
				};
			};
			buildConfigurationList = 72DFCEE02AFA00F50001831F /* Build configuration list for PBXProject "rps-ios" */;
			compatibilityVersion = "Xcode 14.0";
			developmentRegion = en;
			hasScannedForEncodings = 0;
			knownRegions = (
				en,
				Base,
			);
			mainGroup = 72DFCEDC2AFA00F50001831F;
			packageReferences = (
				72DFCF072AFB7F790001831F /* XCRemoteSwiftPackageReference "Charts" */,
				72F9BF9B2AFE70A40040C6D2 /* XCRemoteSwiftPackageReference "SBPAsyncImage" */,
			);
			productRefGroup = 72DFCEE62AFA00F50001831F /* Products */;
			projectDirPath = "";
			projectRoot = "";
			targets = (
				72DFCEE42AFA00F50001831F /* rps-ios */,
				728697ED2AFF24BE00CA31C5 /* rps-iosTests */,
			);
		};
/* End PBXProject section */

/* Begin PBXResourcesBuildPhase section */
		728697EC2AFF24BE00CA31C5 /* Resources */ = {
			isa = PBXResourcesBuildPhase;
			buildActionMask = 2147483647;
			files = (
			);
			runOnlyForDeploymentPostprocessing = 0;
		};
		72DFCEE32AFA00F50001831F /* Resources */ = {
			isa = PBXResourcesBuildPhase;
			buildActionMask = 2147483647;
			files = (
				72EE510E2B10ABD3002D9218 /* AMap.bundle in Resources */,
				72DFCEF02AFA00F60001831F /* Preview Assets.xcassets in Resources */,
				72DFCEED2AFA00F60001831F /* Assets.xcassets in Resources */,
			);
			runOnlyForDeploymentPostprocessing = 0;
		};
/* End PBXResourcesBuildPhase section */

/* Begin PBXSourcesBuildPhase section */
		728697EA2AFF24BE00CA31C5 /* Sources */ = {
			isa = PBXSourcesBuildPhase;
			buildActionMask = 2147483647;
			files = (
				728697F12AFF24BE00CA31C5 /* rps_iosTests.swift in Sources */,
			);
			runOnlyForDeploymentPostprocessing = 0;
		};
		72DFCEE12AFA00F50001831F /* Sources */ = {
			isa = PBXSourcesBuildPhase;
			buildActionMask = 2147483647;
			files = (
				72DFCEEB2AFA00F50001831F /* ContentView.swift in Sources */,
				728697E92AFF209B00CA31C5 /* Linkman+mock.swift in Sources */,
				725DCF4E2BA4859F00C5CD4C /* AreaPicker.swift in Sources */,
				72DFCF1C2AFCB7FB0001831F /* Box.swift in Sources */,
				72DE5A222B15849200CE36AA /* data+ReportSheet.swift in Sources */,
				72D8101C2B0924530035355A /* ChartView.swift in Sources */,
				72DE5A242B15975900CE36AA /* data+Inquiry.swift in Sources */,
				72DFCEFD2AFA09770001831F /* IndexView.swift in Sources */,
				72F9BF8E2AFD044C0040C6D2 /* Notice.swift in Sources */,
				72D810232B0A73950035355A /* YearMonthPicker.swift in Sources */,
				720C96B72B10862900E85AC5 /* MapView.swift in Sources */,
				72D8101E2B09E7EA0035355A /* AlwaysPopover.swift in Sources */,
				7287067E2B455C1200411189 /* ImageService.swift in Sources */,
				72749E8A2B0DD10D000258C2 /* ReportSheetView.swift in Sources */,
				727D04E12B26B1D200A6C1C8 /* OCRButton.swift in Sources */,
				72DFCF042AFA18620001831F /* images+.swift in Sources */,
				72DFCF0F2AFC72A80001831F /* OnboardingView.swift in Sources */,
				72A9644E2AFF9060006E503A /* datas.swift in Sources */,
				72749E962B0F06D4000258C2 /* MessageView.swift in Sources */,
				725ED86A2B141C88002106CA /* EstateDetail.swift in Sources */,
				72DFCF022AFA130E0001831F /* view+.swift in Sources */,
				722DA2352B0C865B00C0A3DF /* AddReportView.swift in Sources */,
				72749E982B0F3057000258C2 /* PasswordView.swift in Sources */,
				72749E912B0E5728000258C2 /* MainTab.swift in Sources */,
				72749E8C2B0E3C4F000258C2 /* CustomService.swift in Sources */,
				722DA2312B0B05E600C0A3DF /* SectionView.swift in Sources */,
				7236994C2B3FC0B40075C5E9 /* PDFShareSheet.swift in Sources */,
				72DFCEFA2AFA03BA0001831F /* MainView.swift in Sources */,
				722DA22F2B0B029C00C0A3DF /* AreaTree.swift in Sources */,
				72DFCF242AFCCD520001831F /* ErrorView.swift in Sources */,
				72749F132B10359B000258C2 /* MapService.swift in Sources */,
				728697F82AFF346600CA31C5 /* sequence+.swift in Sources */,
				722DA2332B0B4F3000C0A3DF /* ImagePicker.swift in Sources */,
				72749E8F2B0E4647000258C2 /* CustomServiceView.swift in Sources */,
				72A964502AFF92A1006E503A /* BuildingsView.swift in Sources */,
				72DFCF002AFA0AD90001831F /* colors+.swift in Sources */,
				72F9BF902AFDC7F70040C6D2 /* FuzzySearchView.swift in Sources */,
				72DFCF062AFA234D0001831F /* DividerView.swift in Sources */,
				72DFCF162AFC8DD90001831F /* UserDefaults+RPS.swift in Sources */,
				722DA22D2B0AFD0500C0A3DF /* AddInquiryView.swift in Sources */,
				72D8101A2B09207C0035355A /* Curve.swift in Sources */,
				720C96B52B10850300E85AC5 /* data+RoomDetail.swift in Sources */,
				72DE5A262B15B66500CE36AA /* PDF.swift in Sources */,
				72F9BF962AFDE1C40040C6D2 /* EstateService.swift in Sources */,
				72C004782B0078D50084D3FA /* FloorsView.swift in Sources */,
				72F9BF9A2AFE63080040C6D2 /* SearchInputView.swift in Sources */,
				722DA2382B0CE82300C0A3DF /* RecordsCenterView.swift in Sources */,
				72DFCF202AFCBA400001831F /* string+.swift in Sources */,
				72DFCF142AFC8CC30001831F /* AccountService.swift in Sources */,
				728706802B457E8C00411189 /* NoticeListView.swift in Sources */,
				72749E942B0F047A000258C2 /* MeView.swift in Sources */,
				72DFCF1E2AFCB9690001831F /* ErrorService.swift in Sources */,
				72DFCF182AFCB6F20001831F /* Linkman.swift in Sources */,
				72DFCF1A2AFCB7790001831F /* Withable.swift in Sources */,
				72749E9A2B0F3CD3000258C2 /* MeInfoView.swift in Sources */,
				72749EC92B0F926E000258C2 /* MapSearchView.swift in Sources */,
				728D964C2B020CA900E1ACC4 /* RoomDetailView.swift in Sources */,
				728706822B458A6E00411189 /* NoticeDetailView.swift in Sources */,
				728697E72AFF1F0500CA31C5 /* DictType.swift in Sources */,
				72DFCF222AFCBA6C0001831F /* Linknam+api.swift in Sources */,
				72DFCF262AFCCDAE0001831F /* LoadingView.swift in Sources */,
				72D810182B08F6320035355A /* Banner.swift in Sources */,
				72F9BF982AFE62FD0040C6D2 /* ExactSearchView.swift in Sources */,
				72DFCEE92AFA00F50001831F /* rps_iosApp.swift in Sources */,
			);
			runOnlyForDeploymentPostprocessing = 0;
		};
/* End PBXSourcesBuildPhase section */

/* Begin PBXTargetDependency section */
		728697F32AFF24BE00CA31C5 /* PBXTargetDependency */ = {
			isa = PBXTargetDependency;
			target = 72DFCEE42AFA00F50001831F /* rps-ios */;
			targetProxy = 728697F22AFF24BE00CA31C5 /* PBXContainerItemProxy */;
		};
/* End PBXTargetDependency section */

/* Begin XCBuildConfiguration section */
		728697F52AFF24BE00CA31C5 /* Debug */ = {
			isa = XCBuildConfiguration;
			buildSettings = {
				BUNDLE_LOADER = "$(TEST_HOST)";
				CODE_SIGN_STYLE = Automatic;
				CURRENT_PROJECT_VERSION = 1;
				DEVELOPMENT_TEAM = J3V535ZD4K;
				GENERATE_INFOPLIST_FILE = YES;
				IPHONEOS_DEPLOYMENT_TARGET = 17.0;
				MARKETING_VERSION = 1.0;
				PRODUCT_BUNDLE_IDENTIFIER = com.rps.app.ios;
				PRODUCT_NAME = "$(TARGET_NAME)";
				SWIFT_EMIT_LOC_STRINGS = NO;
				SWIFT_VERSION = 5.0;
				TARGETED_DEVICE_FAMILY = "1,2";
				TEST_HOST = "$(BUILT_PRODUCTS_DIR)/rps-ios.app/$(BUNDLE_EXECUTABLE_FOLDER_PATH)/rps-ios";
			};
			name = Debug;
		};
		728697F62AFF24BE00CA31C5 /* Release */ = {
			isa = XCBuildConfiguration;
			buildSettings = {
				BUNDLE_LOADER = "$(TEST_HOST)";
				CODE_SIGN_STYLE = Automatic;
				CURRENT_PROJECT_VERSION = 1;
				DEVELOPMENT_TEAM = J3V535ZD4K;
				GENERATE_INFOPLIST_FILE = YES;
				IPHONEOS_DEPLOYMENT_TARGET = 17.0;
				MARKETING_VERSION = 1.0;
				PRODUCT_BUNDLE_IDENTIFIER = com.rps.app.ios;
				PRODUCT_NAME = "$(TARGET_NAME)";
				SWIFT_EMIT_LOC_STRINGS = NO;
				SWIFT_VERSION = 5.0;
				TARGETED_DEVICE_FAMILY = "1,2";
				TEST_HOST = "$(BUILT_PRODUCTS_DIR)/rps-ios.app/$(BUNDLE_EXECUTABLE_FOLDER_PATH)/rps-ios";
			};
			name = Release;
		};
		72DFCEF12AFA00F60001831F /* Debug */ = {
			isa = XCBuildConfiguration;
			buildSettings = {
				ALWAYS_SEARCH_USER_PATHS = NO;
				ASSETCATALOG_COMPILER_GENERATE_SWIFT_ASSET_SYMBOL_EXTENSIONS = YES;
				CLANG_ANALYZER_NONNULL = YES;
				CLANG_ANALYZER_NUMBER_OBJECT_CONVERSION = YES_AGGRESSIVE;
				CLANG_CXX_LANGUAGE_STANDARD = "gnu++20";
				CLANG_ENABLE_MODULES = YES;
				CLANG_ENABLE_OBJC_ARC = YES;
				CLANG_ENABLE_OBJC_WEAK = YES;
				CLANG_WARN_BLOCK_CAPTURE_AUTORELEASING = YES;
				CLANG_WARN_BOOL_CONVERSION = YES;
				CLANG_WARN_COMMA = YES;
				CLANG_WARN_CONSTANT_CONVERSION = YES;
				CLANG_WARN_DEPRECATED_OBJC_IMPLEMENTATIONS = YES;
				CLANG_WARN_DIRECT_OBJC_ISA_USAGE = YES_ERROR;
				CLANG_WARN_DOCUMENTATION_COMMENTS = YES;
				CLANG_WARN_EMPTY_BODY = YES;
				CLANG_WARN_ENUM_CONVERSION = YES;
				CLANG_WARN_INFINITE_RECURSION = YES;
				CLANG_WARN_INT_CONVERSION = YES;
				CLANG_WARN_NON_LITERAL_NULL_CONVERSION = YES;
				CLANG_WARN_OBJC_IMPLICIT_RETAIN_SELF = YES;
				CLANG_WARN_OBJC_LITERAL_CONVERSION = YES;
				CLANG_WARN_OBJC_ROOT_CLASS = YES_ERROR;
				CLANG_WARN_QUOTED_INCLUDE_IN_FRAMEWORK_HEADER = YES;
				CLANG_WARN_RANGE_LOOP_ANALYSIS = YES;
				CLANG_WARN_STRICT_PROTOTYPES = YES;
				CLANG_WARN_SUSPICIOUS_MOVE = YES;
				CLANG_WARN_UNGUARDED_AVAILABILITY = YES_AGGRESSIVE;
				CLANG_WARN_UNREACHABLE_CODE = YES;
				CLANG_WARN__DUPLICATE_METHOD_MATCH = YES;
				COPY_PHASE_STRIP = NO;
				DEBUG_INFORMATION_FORMAT = dwarf;
				ENABLE_STRICT_OBJC_MSGSEND = YES;
				ENABLE_TESTABILITY = YES;
				ENABLE_USER_SCRIPT_SANDBOXING = YES;
				GCC_C_LANGUAGE_STANDARD = gnu17;
				GCC_DYNAMIC_NO_PIC = NO;
				GCC_NO_COMMON_BLOCKS = YES;
				GCC_OPTIMIZATION_LEVEL = 0;
				GCC_PREPROCESSOR_DEFINITIONS = (
					"DEBUG=1",
					"$(inherited)",
				);
				GCC_WARN_64_TO_32_BIT_CONVERSION = YES;
				GCC_WARN_ABOUT_RETURN_TYPE = YES_ERROR;
				GCC_WARN_UNDECLARED_SELECTOR = YES;
				GCC_WARN_UNINITIALIZED_AUTOS = YES_AGGRESSIVE;
				GCC_WARN_UNUSED_FUNCTION = YES;
				GCC_WARN_UNUSED_VARIABLE = YES;
				IPHONEOS_DEPLOYMENT_TARGET = 16.6;
				LOCALIZATION_PREFERS_STRING_CATALOGS = YES;
				MTL_ENABLE_DEBUG_INFO = INCLUDE_SOURCE;
				MTL_FAST_MATH = YES;
				ONLY_ACTIVE_ARCH = YES;
				SDKROOT = iphoneos;
				SWIFT_ACTIVE_COMPILATION_CONDITIONS = "DEBUG $(inherited)";
				SWIFT_OPTIMIZATION_LEVEL = "-Onone";
			};
			name = Debug;
		};
		72DFCEF22AFA00F60001831F /* Release */ = {
			isa = XCBuildConfiguration;
			buildSettings = {
				ALWAYS_SEARCH_USER_PATHS = NO;
				ASSETCATALOG_COMPILER_GENERATE_SWIFT_ASSET_SYMBOL_EXTENSIONS = YES;
				CLANG_ANALYZER_NONNULL = YES;
				CLANG_ANALYZER_NUMBER_OBJECT_CONVERSION = YES_AGGRESSIVE;
				CLANG_CXX_LANGUAGE_STANDARD = "gnu++20";
				CLANG_ENABLE_MODULES = YES;
				CLANG_ENABLE_OBJC_ARC = YES;
				CLANG_ENABLE_OBJC_WEAK = YES;
				CLANG_WARN_BLOCK_CAPTURE_AUTORELEASING = YES;
				CLANG_WARN_BOOL_CONVERSION = YES;
				CLANG_WARN_COMMA = YES;
				CLANG_WARN_CONSTANT_CONVERSION = YES;
				CLANG_WARN_DEPRECATED_OBJC_IMPLEMENTATIONS = YES;
				CLANG_WARN_DIRECT_OBJC_ISA_USAGE = YES_ERROR;
				CLANG_WARN_DOCUMENTATION_COMMENTS = YES;
				CLANG_WARN_EMPTY_BODY = YES;
				CLANG_WARN_ENUM_CONVERSION = YES;
				CLANG_WARN_INFINITE_RECURSION = YES;
				CLANG_WARN_INT_CONVERSION = YES;
				CLANG_WARN_NON_LITERAL_NULL_CONVERSION = YES;
				CLANG_WARN_OBJC_IMPLICIT_RETAIN_SELF = YES;
				CLANG_WARN_OBJC_LITERAL_CONVERSION = YES;
				CLANG_WARN_OBJC_ROOT_CLASS = YES_ERROR;
				CLANG_WARN_QUOTED_INCLUDE_IN_FRAMEWORK_HEADER = YES;
				CLANG_WARN_RANGE_LOOP_ANALYSIS = YES;
				CLANG_WARN_STRICT_PROTOTYPES = YES;
				CLANG_WARN_SUSPICIOUS_MOVE = YES;
				CLANG_WARN_UNGUARDED_AVAILABILITY = YES_AGGRESSIVE;
				CLANG_WARN_UNREACHABLE_CODE = YES;
				CLANG_WARN__DUPLICATE_METHOD_MATCH = YES;
				COPY_PHASE_STRIP = NO;
				DEBUG_INFORMATION_FORMAT = "dwarf-with-dsym";
				ENABLE_NS_ASSERTIONS = NO;
				ENABLE_STRICT_OBJC_MSGSEND = YES;
				ENABLE_USER_SCRIPT_SANDBOXING = YES;
				GCC_C_LANGUAGE_STANDARD = gnu17;
				GCC_NO_COMMON_BLOCKS = YES;
				GCC_WARN_64_TO_32_BIT_CONVERSION = YES;
				GCC_WARN_ABOUT_RETURN_TYPE = YES_ERROR;
				GCC_WARN_UNDECLARED_SELECTOR = YES;
				GCC_WARN_UNINITIALIZED_AUTOS = YES_AGGRESSIVE;
				GCC_WARN_UNUSED_FUNCTION = YES;
				GCC_WARN_UNUSED_VARIABLE = YES;
				IPHONEOS_DEPLOYMENT_TARGET = 16.6;
				LOCALIZATION_PREFERS_STRING_CATALOGS = YES;
				MTL_ENABLE_DEBUG_INFO = NO;
				MTL_FAST_MATH = YES;
				SDKROOT = iphoneos;
				SWIFT_COMPILATION_MODE = wholemodule;
				VALIDATE_PRODUCT = YES;
			};
			name = Release;
		};
		72DFCEF42AFA00F60001831F /* Debug */ = {
			isa = XCBuildConfiguration;
			buildSettings = {
				ASSETCATALOG_COMPILER_APPICON_NAME = AppIcon;
				ASSETCATALOG_COMPILER_GLOBAL_ACCENT_COLOR_NAME = AccentColor;
				CODE_SIGN_STYLE = Automatic;
				CURRENT_PROJECT_VERSION = 3;
				DEVELOPMENT_ASSET_PATHS = "\"rps-ios/Preview Content\"";
				DEVELOPMENT_TEAM = J3V535ZD4K;
				ENABLE_PREVIEWS = YES;
				FRAMEWORK_SEARCH_PATHS = (
					"$(inherited)",
					"$(PROJECT_DIR)/frameworks",
				);
				GENERATE_INFOPLIST_FILE = YES;
				INFOPLIST_FILE = "rps-ios/Info.plist";
				INFOPLIST_KEY_CFBundleDisplayName = "RPS评估";
				INFOPLIST_KEY_NSLocationAlwaysAndWhenInUseUsageDescription = "请求定位功能";
				INFOPLIST_KEY_NSLocationAlwaysUsageDescription = "请求定位功能";
				INFOPLIST_KEY_NSLocationUsageDescription = "请求定位功能";
				INFOPLIST_KEY_NSLocationWhenInUseUsageDescription = "请求定位功能";
				INFOPLIST_KEY_UIApplicationSceneManifest_Generation = YES;
				INFOPLIST_KEY_UIApplicationSupportsIndirectInputEvents = YES;
				INFOPLIST_KEY_UILaunchScreen_Generation = YES;
				INFOPLIST_KEY_UIStatusBarStyle = UIStatusBarStyleLightContent;
				INFOPLIST_KEY_UISupportedInterfaceOrientations = UIInterfaceOrientationPortrait;
				INFOPLIST_KEY_UISupportedInterfaceOrientations_iPad = "UIInterfaceOrientationLandscapeLeft UIInterfaceOrientationLandscapeRight UIInterfaceOrientationPortrait UIInterfaceOrientationPortraitUpsideDown";
				INFOPLIST_KEY_UIUserInterfaceStyle = Light;
				IPHONEOS_DEPLOYMENT_TARGET = 16.6;
				LD_RUNPATH_SEARCH_PATHS = (
					"$(inherited)",
					"@executable_path/Frameworks",
				);
				MARKETING_VERSION = 0.0.29;
				OTHER_LDFLAGS = (
					"-Xlinker",
					"-no_fixup_chains",
				);
				PRODUCT_BUNDLE_IDENTIFIER = com.rps.app.ios;
				PRODUCT_NAME = "$(TARGET_NAME)";
				SUPPORTED_PLATFORMS = "iphoneos iphonesimulator";
				SUPPORTS_MACCATALYST = NO;
				SUPPORTS_MAC_DESIGNED_FOR_IPHONE_IPAD = NO;
				SUPPORTS_XR_DESIGNED_FOR_IPHONE_IPAD = NO;
				SWIFT_EMIT_LOC_STRINGS = YES;
				SWIFT_VERSION = 5.0;
				TARGETED_DEVICE_FAMILY = 1;
			};
			name = Debug;
		};
		72DFCEF52AFA00F60001831F /* Release */ = {
			isa = XCBuildConfiguration;
			buildSettings = {
				ASSETCATALOG_COMPILER_APPICON_NAME = AppIcon;
				ASSETCATALOG_COMPILER_GLOBAL_ACCENT_COLOR_NAME = AccentColor;
				CODE_SIGN_STYLE = Automatic;
				CURRENT_PROJECT_VERSION = 3;
				DEVELOPMENT_ASSET_PATHS = "\"rps-ios/Preview Content\"";
				DEVELOPMENT_TEAM = J3V535ZD4K;
				ENABLE_PREVIEWS = YES;
				FRAMEWORK_SEARCH_PATHS = (
					"$(inherited)",
					"$(PROJECT_DIR)/frameworks",
				);
				GENERATE_INFOPLIST_FILE = YES;
				INFOPLIST_FILE = "rps-ios/Info.plist";
				INFOPLIST_KEY_CFBundleDisplayName = "RPS评估";
				INFOPLIST_KEY_NSLocationAlwaysAndWhenInUseUsageDescription = "请求定位功能";
				INFOPLIST_KEY_NSLocationAlwaysUsageDescription = "请求定位功能";
				INFOPLIST_KEY_NSLocationUsageDescription = "请求定位功能";
				INFOPLIST_KEY_NSLocationWhenInUseUsageDescription = "请求定位功能";
				INFOPLIST_KEY_UIApplicationSceneManifest_Generation = YES;
				INFOPLIST_KEY_UIApplicationSupportsIndirectInputEvents = YES;
				INFOPLIST_KEY_UILaunchScreen_Generation = YES;
				INFOPLIST_KEY_UIStatusBarStyle = UIStatusBarStyleLightContent;
				INFOPLIST_KEY_UISupportedInterfaceOrientations = UIInterfaceOrientationPortrait;
				INFOPLIST_KEY_UISupportedInterfaceOrientations_iPad = "UIInterfaceOrientationLandscapeLeft UIInterfaceOrientationLandscapeRight UIInterfaceOrientationPortrait UIInterfaceOrientationPortraitUpsideDown";
				INFOPLIST_KEY_UIUserInterfaceStyle = Light;
				IPHONEOS_DEPLOYMENT_TARGET = 16.6;
				LD_RUNPATH_SEARCH_PATHS = (
					"$(inherited)",
					"@executable_path/Frameworks",
				);
				MARKETING_VERSION = 0.0.29;
				OTHER_LDFLAGS = (
					"-Xlinker",
					"-no_fixup_chains",
				);
				PRODUCT_BUNDLE_IDENTIFIER = com.rps.app.ios;
				PRODUCT_NAME = "$(TARGET_NAME)";
				SUPPORTED_PLATFORMS = "iphoneos iphonesimulator";
				SUPPORTS_MACCATALYST = NO;
				SUPPORTS_MAC_DESIGNED_FOR_IPHONE_IPAD = NO;
				SUPPORTS_XR_DESIGNED_FOR_IPHONE_IPAD = NO;
				SWIFT_EMIT_LOC_STRINGS = YES;
				SWIFT_VERSION = 5.0;
				TARGETED_DEVICE_FAMILY = 1;
			};
			name = Release;
		};
/* End XCBuildConfiguration section */

/* Begin XCConfigurationList section */
		728697F42AFF24BE00CA31C5 /* Build configuration list for PBXNativeTarget "rps-iosTests" */ = {
			isa = XCConfigurationList;
			buildConfigurations = (
				728697F52AFF24BE00CA31C5 /* Debug */,
				728697F62AFF24BE00CA31C5 /* Release */,
			);
			defaultConfigurationIsVisible = 0;
			defaultConfigurationName = Release;
		};
		72DFCEE02AFA00F50001831F /* Build configuration list for PBXProject "rps-ios" */ = {
			isa = XCConfigurationList;
			buildConfigurations = (
				72DFCEF12AFA00F60001831F /* Debug */,
				72DFCEF22AFA00F60001831F /* Release */,
			);
			defaultConfigurationIsVisible = 0;
			defaultConfigurationName = Release;
		};
		72DFCEF32AFA00F60001831F /* Build configuration list for PBXNativeTarget "rps-ios" */ = {
			isa = XCConfigurationList;
			buildConfigurations = (
				72DFCEF42AFA00F60001831F /* Debug */,
				72DFCEF52AFA00F60001831F /* Release */,
			);
			defaultConfigurationIsVisible = 0;
			defaultConfigurationName = Release;
		};
/* End XCConfigurationList section */

/* Begin XCRemoteSwiftPackageReference section */
		72DFCF072AFB7F790001831F /* XCRemoteSwiftPackageReference "Charts" */ = {
			isa = XCRemoteSwiftPackageReference;
			repositoryURL = "https://github.com/danielgindi/Charts.git";
			requirement = {
				kind = upToNextMajorVersion;
				minimumVersion = 5.0.0;
			};
		};
		72F9BF9B2AFE70A40040C6D2 /* XCRemoteSwiftPackageReference "SBPAsyncImage" */ = {
			isa = XCRemoteSwiftPackageReference;
			repositoryURL = "https://github.com/yutailang0119/SBPAsyncImage.git";
			requirement = {
				kind = upToNextMajorVersion;
				minimumVersion = 0.2.0;
			};
		};
/* End XCRemoteSwiftPackageReference section */

/* Begin XCSwiftPackageProductDependency section */
		72749F0D2B0F97A6000258C2 /* DGCharts */ = {
			isa = XCSwiftPackageProductDependency;
			package = 72DFCF072AFB7F790001831F /* XCRemoteSwiftPackageReference "Charts" */;
			productName = DGCharts;
		};
		72F9BF9C2AFE70A40040C6D2 /* SBPAsyncImage */ = {
			isa = XCSwiftPackageProductDependency;
			package = 72F9BF9B2AFE70A40040C6D2 /* XCRemoteSwiftPackageReference "SBPAsyncImage" */;
			productName = SBPAsyncImage;
		};
/* End XCSwiftPackageProductDependency section */
	};
	rootObject = 72DFCEDD2AFA00F50001831F /* Project object */;
}
